
Microsoft Visual Studio Solution File, Format Version 12.00
# Visual Studio 15
VisualStudioVersion = 15.0.26430.13
MinimumVisualStudioVersion = 10.0.40219.1
Project("{2150E333-8FDC-42A3-9474-1A3956D46DE8}") = "Solution Items", "Solution Items", "{24CA8CB3-08D3-4C95-BF9F-CDDAEE3515EB}"
	ProjectSection(SolutionItems) = preProject
		LICENSE = LICENSE
		README.md = README.md
	EndProjectSection
EndProject
Project("{FAE04EC0-301F-11D3-BF4B-00C04F79EFBC}") = "VAEProgramEx", "VAEProgramEx\VAEProgramEx.csproj", "{E5AE6BB5-6824-4D5A-AD6A-BC58D4617ACD}"
EndProject
Project("{FAE04EC0-301F-11D3-BF4B-00C04F79EFBC}") = "LineProcessor", "LineProcessor\LineProcessor.csproj", "{008E5126-8748-4CC1-99E9-96DCA53A469E}"
EndProject
Project("{FAE04EC0-301F-11D3-BF4B-00C04F79EFBC}") = "VAEProgramEx.Tests", "VAEProgremEx.Tests\VAEProgramEx.Tests.csproj", "{10BF8F93-9FC9-4619-98DD-2524B8D15777}"
EndProject
Global
	GlobalSection(SolutionConfigurationPlatforms) = preSolution
		Debug|Any CPU = Debug|Any CPU
		Release|Any CPU = Release|Any CPU
	EndGlobalSection
	GlobalSection(ProjectConfigurationPlatforms) = postSolution
		{E5AE6BB5-6824-4D5A-AD6A-BC58D4617ACD}.Debug|Any CPU.ActiveCfg = Debug|Any CPU
		{E5AE6BB5-6824-4D5A-AD6A-BC58D4617ACD}.Debug|Any CPU.Build.0 = Debug|Any CPU
		{E5AE6BB5-6824-4D5A-AD6A-BC58D4617ACD}.Release|Any CPU.ActiveCfg = Release|Any CPU
		{E5AE6BB5-6824-4D5A-AD6A-BC58D4617ACD}.Release|Any CPU.Build.0 = Release|Any CPU
		{008E5126-8748-4CC1-99E9-96DCA53A469E}.Debug|Any CPU.ActiveCfg = Debug|Any CPU
		{008E5126-8748-4CC1-99E9-96DCA53A469E}.Debug|Any CPU.Build.0 = Debug|Any CPU
		{008E5126-8748-4CC1-99E9-96DCA53A469E}.Release|Any CPU.ActiveCfg = Release|Any CPU
		{008E5126-8748-4CC1-99E9-96DCA53A469E}.Release|Any CPU.Build.0 = Release|Any CPU
		{10BF8F93-9FC9-4619-98DD-2524B8D15777}.Debug|Any CPU.ActiveCfg = Debug|Any CPU
		{10BF8F93-9FC9-4619-98DD-2524B8D15777}.Debug|Any CPU.Build.0 = Debug|Any CPU
		{10BF8F93-9FC9-4619-98DD-2524B8D15777}.Release|Any CPU.ActiveCfg = Release|Any CPU
		{10BF8F93-9FC9-4619-98DD-2524B8D15777}.Release|Any CPU.Build.0 = Release|Any CPU
	EndGlobalSection
	GlobalSection(SolutionProperties) = preSolution
		HideSolutionNode = FALSE
	EndGlobalSection
	GlobalSection(MonoDevelopProperties) = preSolution
		StartupItem = VAE.CLI.Flags\Flags.csproj
	EndGlobalSection
EndGlobal
